
Microsoft Visual Studio Solution File, Format Version 12.00
# Visual Studio 15
VisualStudioVersion = 15.0.27428.2015
MinimumVisualStudioVersion = 10.0.40219.1
Project("{FAE04EC0-301F-11D3-BF4B-00C04F79EFBC}") = "WebRegionalismos", "WebRegionalismos\WebRegionalismos.csproj", "{CEFF1D25-23DD-448F-9A9B-51B625FD6195}"
EndProject
Global
	GlobalSection(SolutionConfigurationPlatforms) = preSolution
		Debug|Any CPU = Debug|Any CPU
		Release|Any CPU = Release|Any CPU
	EndGlobalSection
	GlobalSection(ProjectConfigurationPlatforms) = postSolution
		{CEFF1D25-23DD-448F-9A9B-51B625FD6195}.Debug|Any CPU.ActiveCfg = Debug|Any CPU
		{CEFF1D25-23DD-448F-9A9B-51B625FD6195}.Debug|Any CPU.Build.0 = Debug|Any CPU
		{CEFF1D25-23DD-448F-9A9B-51B625FD6195}.Release|Any CPU.ActiveCfg = Release|Any CPU
		{CEFF1D25-23DD-448F-9A9B-51B625FD6195}.Release|Any CPU.Build.0 = Release|Any CPU
	EndGlobalSection
	GlobalSection(SolutionProperties) = preSolution
		HideSolutionNode = FALSE
	EndGlobalSection
	GlobalSection(ExtensibilityGlobals) = postSolution
		SolutionGuid = {433E212E-D38D-40EB-8A14-3D6AC69D055E}
	EndGlobalSection
EndGlobal
